
Microsoft Visual Studio Solution File, Format Version 12.00
# Visual Studio Version 17
VisualStudioVersion = 17.14.36121.58 d17.14
MinimumVisualStudioVersion = 10.0.40219.1
Project("{888888A0-9F3D-457C-B088-3A5042F75D52}") = "Synergy_10_1", "Synergy_10_1\Synergy_10_1.pyproj", "{1C216487-B4A3-458F-8117-40B0E61F82B5}"
EndProject
Global
	GlobalSection(SolutionConfigurationPlatforms) = preSolution
		Debug|Any CPU = Debug|Any CPU
		Release|Any CPU = Release|Any CPU
	EndGlobalSection
	GlobalSection(ProjectConfigurationPlatforms) = postSolution
		{1C216487-B4A3-458F-8117-40B0E61F82B5}.Debug|Any CPU.ActiveCfg = Debug|Any CPU
		{1C216487-B4A3-458F-8117-40B0E61F82B5}.Release|Any CPU.ActiveCfg = Release|Any CPU
	EndGlobalSection
	GlobalSection(SolutionProperties) = preSolution
		HideSolutionNode = FALSE
	EndGlobalSection
	GlobalSection(ExtensibilityGlobals) = postSolution
		SolutionGuid = {ECB930AD-B952-4248-B763-934629CE3456}
	EndGlobalSection
EndGlobal
